{
  "name": "IonicConRandyVarela",
  "lockfileVersion": 2,
  "requires": true,
  "packages": {
    "": {
      "dependencies": {
        "@awesome-cordova-plugins/http": "^5.45.0",
        "@awesome-cordova-plugins/splash-screen": "^5.46.0",
        "cordova-plugin-advanced-http": "^3.3.1",
        "cordova-plugin-splashscreen": "^6.0.2"
      }
    },
    "node_modules/@awesome-cordova-plugins/core": {
      "version": "5.45.0",
      "resolved": "https://registry.npmjs.org/@awesome-cordova-plugins/core/-/core-5.45.0.tgz",
      "integrity": "sha512-VrFNy6KLu3yyIKX3+6knUTDfSy59MPWUDni31ypGIQyxZv0eInuAgy3D4dhEdSbTkCIRyF40u4CJk4bN5zUYzQ==",
      "peer": true,
      "dependencies": {
        "@types/cordova": "latest"
      },
      "peerDependencies": {
        "rxjs": "^5.5.0 || ^6.5.0 || ^7.3.0"
      }
    },
    "node_modules/@awesome-cordova-plugins/http": {
      "version": "5.45.0",
      "resolved": "https://registry.npmjs.org/@awesome-cordova-plugins/http/-/http-5.45.0.tgz",
      "integrity": "sha512-8KCdYt9MZxMHSa6m5HKD9zso62al0PxYjg7LbvKP4qJy63C8ZecG8DryUSmE3sUtkusrgdENt1pCK8N0Pmi1hw==",
      "dependencies": {
        "@types/cordova": "latest"
      },
      "peerDependencies": {
        "@awesome-cordova-plugins/core": "^5.1.0",
        "rxjs": "^5.5.0 || ^6.5.0 || ^7.3.0"
      }
    },
    "node_modules/@awesome-cordova-plugins/splash-screen": {
      "version": "5.46.0",
      "resolved": "https://registry.npmjs.org/@awesome-cordova-plugins/splash-screen/-/splash-screen-5.46.0.tgz",
      "integrity": "sha512-i00fW5m2eA0rA69s7W/Ulkqx9RH4i6FFHDupbMYTK0ob4tEweWAR11NX0OoKBDEBzDvdkdUP/SeoWbbO16u1rw==",
      "dependencies": {
        "@types/cordova": "latest"
      },
      "peerDependencies": {
        "@awesome-cordova-plugins/core": "^5.1.0",
        "rxjs": "^5.5.0 || ^6.5.0 || ^7.3.0"
      }
    },
    "node_modules/@types/cordova": {
      "version": "0.0.34",
      "resolved": "https://registry.npmjs.org/@types/cordova/-/cordova-0.0.34.tgz",
      "integrity": "sha512-rkiiTuf/z2wTd4RxFOb+clE7PF4AEJU0hsczbUdkHHBtkUmpWQpEddynNfJYKYtZFJKbq4F+brfekt1kx85IZA=="
    },
    "node_modules/cordova-plugin-advanced-http": {
      "version": "3.3.1",
      "resolved": "https://registry.npmjs.org/cordova-plugin-advanced-http/-/cordova-plugin-advanced-http-3.3.1.tgz",
      "integrity": "sha512-hESuB3mxIHCUrzb5lm7juda6PSNcC5N8Invizj5wGV2rSldCapiNxMTEpzKR1UVPDDP2XOtBzO0SAYS+3+g/ig==",
      "engines": [
        {
          "name": "cordova",
          "version": ">=4.0.0"
        }
      ]
    },
    "node_modules/cordova-plugin-splashscreen": {
      "version": "6.0.2",
      "resolved": "https://registry.npmjs.org/cordova-plugin-splashscreen/-/cordova-plugin-splashscreen-6.0.2.tgz",
      "integrity": "sha512-7JiUfnInir+SCOEgTJ+5/cHF3UFl69jp6cAQfHtJaaQt9Pli8D8yTJjU0HGlJCvryvsVs4Xlc7/sEJM7vLJgvg==",
      "engines": {
        "cordovaDependencies": {
          ">=4.0.0": {
            "cordova-android": ">=3.6.0",
            "cordova-windows": ">=4.4.0"
          },
          "2.0.0": {
            "cordova-android": ">=3.6.0"
          },
          "6.0.2": {
            "cordova-android": ">=3.6.0 <11.0.0",
            "cordova-windows": ">=4.4.0"
          },
          "7.0.0": {
            "cordova": ">100"
          }
        }
      }
    },
    "node_modules/rxjs": {
      "version": "7.5.7",
      "resolved": "https://registry.npmjs.org/rxjs/-/rxjs-7.5.7.tgz",
      "integrity": "sha512-z9MzKh/UcOqB3i20H6rtrlaE/CgjLOvheWK/9ILrbhROGTweAi1BaFsTT9FbwZi5Trr1qNRs+MXkhmR06awzQA==",
      "peer": true,
      "dependencies": {
        "tslib": "^2.1.0"
      }
    },
    "node_modules/tslib": {
      "version": "2.4.0",
      "resolved": "https://registry.npmjs.org/tslib/-/tslib-2.4.0.tgz",
      "integrity": "sha512-d6xOpEDfsi2CZVlPQzGeux8XMwLT9hssAsaPYExaQMuYskwb+x1x7J371tWlbBdWHroy99KnVB6qIkUbs5X3UQ==",
      "peer": true
    }
  },
  "dependencies": {
    "@awesome-cordova-plugins/core": {
      "version": "5.45.0",
      "resolved": "https://registry.npmjs.org/@awesome-cordova-plugins/core/-/core-5.45.0.tgz",
      "integrity": "sha512-VrFNy6KLu3yyIKX3+6knUTDfSy59MPWUDni31ypGIQyxZv0eInuAgy3D4dhEdSbTkCIRyF40u4CJk4bN5zUYzQ==",
      "peer": true,
      "requires": {
        "@types/cordova": "latest"
      }
    },
    "@awesome-cordova-plugins/http": {
      "version": "5.45.0",
      "resolved": "https://registry.npmjs.org/@awesome-cordova-plugins/http/-/http-5.45.0.tgz",
      "integrity": "sha512-8KCdYt9MZxMHSa6m5HKD9zso62al0PxYjg7LbvKP4qJy63C8ZecG8DryUSmE3sUtkusrgdENt1pCK8N0Pmi1hw==",
      "requires": {
        "@types/cordova": "latest"
      }
    },
    "@awesome-cordova-plugins/splash-screen": {
      "version": "5.46.0",
      "resolved": "https://registry.npmjs.org/@awesome-cordova-plugins/splash-screen/-/splash-screen-5.46.0.tgz",
      "integrity": "sha512-i00fW5m2eA0rA69s7W/Ulkqx9RH4i6FFHDupbMYTK0ob4tEweWAR11NX0OoKBDEBzDvdkdUP/SeoWbbO16u1rw==",
      "requires": {
        "@types/cordova": "latest"
      }
    },
    "@types/cordova": {
      "version": "0.0.34",
      "resolved": "https://registry.npmjs.org/@types/cordova/-/cordova-0.0.34.tgz",
      "integrity": "sha512-rkiiTuf/z2wTd4RxFOb+clE7PF4AEJU0hsczbUdkHHBtkUmpWQpEddynNfJYKYtZFJKbq4F+brfekt1kx85IZA=="
    },
    "cordova-plugin-advanced-http": {
      "version": "3.3.1",
      "resolved": "https://registry.npmjs.org/cordova-plugin-advanced-http/-/cordova-plugin-advanced-http-3.3.1.tgz",
      "integrity": "sha512-hESuB3mxIHCUrzb5lm7juda6PSNcC5N8Invizj5wGV2rSldCapiNxMTEpzKR1UVPDDP2XOtBzO0SAYS+3+g/ig=="
    },
    "cordova-plugin-splashscreen": {
      "version": "6.0.2",
      "resolved": "https://registry.npmjs.org/cordova-plugin-splashscreen/-/cordova-plugin-splashscreen-6.0.2.tgz",
      "integrity": "sha512-7JiUfnInir+SCOEgTJ+5/cHF3UFl69jp6cAQfHtJaaQt9Pli8D8yTJjU0HGlJCvryvsVs4Xlc7/sEJM7vLJgvg=="
    },
    "rxjs": {
      "version": "7.5.7",
      "resolved": "https://registry.npmjs.org/rxjs/-/rxjs-7.5.7.tgz",
      "integrity": "sha512-z9MzKh/UcOqB3i20H6rtrlaE/CgjLOvheWK/9ILrbhROGTweAi1BaFsTT9FbwZi5Trr1qNRs+MXkhmR06awzQA==",
      "peer": true,
      "requires": {
        "tslib": "^2.1.0"
      }
    },
    "tslib": {
      "version": "2.4.0",
      "resolved": "https://registry.npmjs.org/tslib/-/tslib-2.4.0.tgz",
      "integrity": "sha512-d6xOpEDfsi2CZVlPQzGeux8XMwLT9hssAsaPYExaQMuYskwb+x1x7J371tWlbBdWHroy99KnVB6qIkUbs5X3UQ==",
      "peer": true
    }
  }
}
